
Microsoft Visual Studio Solution File, Format Version 12.00
# Visual Studio Version 17
VisualStudioVersion = 17.12.35506.116
MinimumVisualStudioVersion = 10.0.40219.1
Project("{FAE04EC0-301F-11D3-BF4B-00C04F79EFBC}") = "Synergy", "Synergy\Synergy.csproj", "{682B39D3-5AA3-4FA8-BB05-2640B9FA00FC}"
EndProject
Global
	GlobalSection(SolutionConfigurationPlatforms) = preSolution
		Debug|Any CPU = Debug|Any CPU
		Release|Any CPU = Release|Any CPU
	EndGlobalSection
	GlobalSection(ProjectConfigurationPlatforms) = postSolution
		{682B39D3-5AA3-4FA8-BB05-2640B9FA00FC}.Debug|Any CPU.ActiveCfg = Debug|Any CPU
		{682B39D3-5AA3-4FA8-BB05-2640B9FA00FC}.Debug|Any CPU.Build.0 = Debug|Any CPU
		{682B39D3-5AA3-4FA8-BB05-2640B9FA00FC}.Release|Any CPU.ActiveCfg = Release|Any CPU
		{682B39D3-5AA3-4FA8-BB05-2640B9FA00FC}.Release|Any CPU.Build.0 = Release|Any CPU
	EndGlobalSection
	GlobalSection(SolutionProperties) = preSolution
		HideSolutionNode = FALSE
	EndGlobalSection
EndGlobal
